
Microsoft Visual Studio Solution File, Format Version 12.00
# Visual Studio 15
VisualStudioVersion = 15.0.27428.2015
MinimumVisualStudioVersion = 10.0.40219.1
Project("{FAE04EC0-301F-11D3-BF4B-00C04F79EFBC}") = "WebApiCoreSimplestJwtApp", "WebApiCoreSimplestJwtApp\WebApiCoreSimplestJwtApp.csproj", "{1FACAB1A-0AAC-4678-9ACB-3C332EB6AD95}"
EndProject
Global
	GlobalSection(SolutionConfigurationPlatforms) = preSolution
		Debug|Any CPU = Debug|Any CPU
		Release|Any CPU = Release|Any CPU
	EndGlobalSection
	GlobalSection(ProjectConfigurationPlatforms) = postSolution
		{1FACAB1A-0AAC-4678-9ACB-3C332EB6AD95}.Debug|Any CPU.ActiveCfg = Debug|Any CPU
		{1FACAB1A-0AAC-4678-9ACB-3C332EB6AD95}.Debug|Any CPU.Build.0 = Debug|Any CPU
		{1FACAB1A-0AAC-4678-9ACB-3C332EB6AD95}.Release|Any CPU.ActiveCfg = Release|Any CPU
		{1FACAB1A-0AAC-4678-9ACB-3C332EB6AD95}.Release|Any CPU.Build.0 = Release|Any CPU
	EndGlobalSection
	GlobalSection(SolutionProperties) = preSolution
		HideSolutionNode = FALSE
	EndGlobalSection
	GlobalSection(ExtensibilityGlobals) = postSolution
		SolutionGuid = {26FA6BDB-619A-4F78-B6F7-D086BEDD3F3F}
	EndGlobalSection
EndGlobal
